
Microsoft Visual Studio Solution File, Format Version 12.00
# Visual Studio Version 17
VisualStudioVersion = 17.3.32901.215
MinimumVisualStudioVersion = 10.0.40219.1
Project("{FAE04EC0-301F-11D3-BF4B-00C04F79EFBC}") = "Shapes", "Shapes\Shapes.csproj", "{9089E36B-5FA6-40CB-B400-B07B83E9E786}"
EndProject
Global
	GlobalSection(SolutionConfigurationPlatforms) = preSolution
		Debug|Any CPU = Debug|Any CPU
		Release|Any CPU = Release|Any CPU
	EndGlobalSection
	GlobalSection(ProjectConfigurationPlatforms) = postSolution
		{9089E36B-5FA6-40CB-B400-B07B83E9E786}.Debug|Any CPU.ActiveCfg = Debug|Any CPU
		{9089E36B-5FA6-40CB-B400-B07B83E9E786}.Debug|Any CPU.Build.0 = Debug|Any CPU
		{9089E36B-5FA6-40CB-B400-B07B83E9E786}.Release|Any CPU.ActiveCfg = Release|Any CPU
		{9089E36B-5FA6-40CB-B400-B07B83E9E786}.Release|Any CPU.Build.0 = Release|Any CPU
	EndGlobalSection
	GlobalSection(SolutionProperties) = preSolution
		HideSolutionNode = FALSE
	EndGlobalSection
	GlobalSection(ExtensibilityGlobals) = postSolution
		SolutionGuid = {4C33A40F-C5A3-4C15-9D3C-B7F612ED54F8}
	EndGlobalSection
EndGlobal
